<Solution>
  <Folder Name="/Config/">
    <File Path="ikon-config.development.toml" />
  </Folder>
  <Folder Name="/App/">
    <Project Path="app/Ikon.App.Examples.Learning/Ikon.App.Examples.Learning.csproj" />
  </Folder>
  <Folder Name="/Frontend/">
    <Project Path="frontend-node/Ikon.App.Examples.Learning.Frontend.Node.csproj" />
  </Folder>
</Solution>
